
Microsoft Visual Studio Solution File, Format Version 12.00
# Visual Studio Version 17
VisualStudioVersion = 17.5.33414.496
MinimumVisualStudioVersion = 10.0.40219.1
Project("{2150E333-8FDC-42A3-9474-1A3956D46DE8}") = "Lesson_04", "Lesson_04", "{CAF3A33B-481F-42A8-94EB-B93D75FA4365}"
EndProject
Project("{9A19103F-16F7-4668-BE54-9A1E7A4F7556}") = "Restaurant.Booking", "Lesson_04\Restaurant.Booking\Restaurant.Booking.csproj", "{4BF76DF0-6238-4B7D-90B6-8B3982165E00}"
EndProject
Project("{9A19103F-16F7-4668-BE54-9A1E7A4F7556}") = "Restaurant.Kitchen", "Lesson_04\Restaurant.Kitchen\Restaurant.Kitchen.csproj", "{4F888FEC-8834-4641-AFE2-A2B3142CE51E}"
EndProject
Project("{9A19103F-16F7-4668-BE54-9A1E7A4F7556}") = "Restaurant.Messages", "Lesson_04\Restaurant.Messages\Restaurant.Messages.csproj", "{2B8DFBFC-3548-4AE4-B5C1-463CDEAE5294}"
EndProject
Project("{9A19103F-16F7-4668-BE54-9A1E7A4F7556}") = "Restaurant.Notification", "Lesson_04\Restaurant.Notification\Restaurant.Notification.csproj", "{487DFC61-C380-4D42-8FBE-69A10EF8761C}"
EndProject
Global
	GlobalSection(SolutionConfigurationPlatforms) = preSolution
		Debug|Any CPU = Debug|Any CPU
		Release|Any CPU = Release|Any CPU
	EndGlobalSection
	GlobalSection(ProjectConfigurationPlatforms) = postSolution
		{4BF76DF0-6238-4B7D-90B6-8B3982165E00}.Debug|Any CPU.ActiveCfg = Debug|Any CPU
		{4BF76DF0-6238-4B7D-90B6-8B3982165E00}.Debug|Any CPU.Build.0 = Debug|Any CPU
		{4BF76DF0-6238-4B7D-90B6-8B3982165E00}.Release|Any CPU.ActiveCfg = Release|Any CPU
		{4BF76DF0-6238-4B7D-90B6-8B3982165E00}.Release|Any CPU.Build.0 = Release|Any CPU
		{4F888FEC-8834-4641-AFE2-A2B3142CE51E}.Debug|Any CPU.ActiveCfg = Debug|Any CPU
		{4F888FEC-8834-4641-AFE2-A2B3142CE51E}.Debug|Any CPU.Build.0 = Debug|Any CPU
		{4F888FEC-8834-4641-AFE2-A2B3142CE51E}.Release|Any CPU.ActiveCfg = Release|Any CPU
		{4F888FEC-8834-4641-AFE2-A2B3142CE51E}.Release|Any CPU.Build.0 = Release|Any CPU
		{2B8DFBFC-3548-4AE4-B5C1-463CDEAE5294}.Debug|Any CPU.ActiveCfg = Debug|Any CPU
		{2B8DFBFC-3548-4AE4-B5C1-463CDEAE5294}.Debug|Any CPU.Build.0 = Debug|Any CPU
		{2B8DFBFC-3548-4AE4-B5C1-463CDEAE5294}.Release|Any CPU.ActiveCfg = Release|Any CPU
		{2B8DFBFC-3548-4AE4-B5C1-463CDEAE5294}.Release|Any CPU.Build.0 = Release|Any CPU
		{487DFC61-C380-4D42-8FBE-69A10EF8761C}.Debug|Any CPU.ActiveCfg = Debug|Any CPU
		{487DFC61-C380-4D42-8FBE-69A10EF8761C}.Debug|Any CPU.Build.0 = Debug|Any CPU
		{487DFC61-C380-4D42-8FBE-69A10EF8761C}.Release|Any CPU.ActiveCfg = Release|Any CPU
		{487DFC61-C380-4D42-8FBE-69A10EF8761C}.Release|Any CPU.Build.0 = Release|Any CPU
	EndGlobalSection
	GlobalSection(SolutionProperties) = preSolution
		HideSolutionNode = FALSE
	EndGlobalSection
	GlobalSection(NestedProjects) = preSolution
		{4BF76DF0-6238-4B7D-90B6-8B3982165E00} = {CAF3A33B-481F-42A8-94EB-B93D75FA4365}
		{4F888FEC-8834-4641-AFE2-A2B3142CE51E} = {CAF3A33B-481F-42A8-94EB-B93D75FA4365}
		{2B8DFBFC-3548-4AE4-B5C1-463CDEAE5294} = {CAF3A33B-481F-42A8-94EB-B93D75FA4365}
		{487DFC61-C380-4D42-8FBE-69A10EF8761C} = {CAF3A33B-481F-42A8-94EB-B93D75FA4365}
	EndGlobalSection
	GlobalSection(ExtensibilityGlobals) = postSolution
		SolutionGuid = {691AD0D8-BC88-42ED-B390-4CACE582B5C7}
	EndGlobalSection
EndGlobal
